// !$*UTF8*$!
{
	archiveVersion = 1;
	classes = {
	};
	objectVersion = 56;
	objects = {

/* Begin PBXBuildFile section */
		AF48C910293F09C900E84489 /* AppDelegate.swift in Sources */ = {isa = PBXBuildFile; fileRef = AF48C90F293F09C900E84489 /* AppDelegate.swift */; };
		AF48C912293F09C900E84489 /* SceneDelegate.swift in Sources */ = {isa = PBXBuildFile; fileRef = AF48C911293F09C900E84489 /* SceneDelegate.swift */; };
		AF48C914293F09C900E84489 /* ViewController.swift in Sources */ = {isa = PBXBuildFile; fileRef = AF48C913293F09C900E84489 /* ViewController.swift */; };
		AF48C917293F09C900E84489 /* Main.storyboard in Resources */ = {isa = PBXBuildFile; fileRef = AF48C915293F09C900E84489 /* Main.storyboard */; };
		AF48C919293F09CA00E84489 /* Assets.xcassets in Resources */ = {isa = PBXBuildFile; fileRef = AF48C918293F09CA00E84489 /* Assets.xcassets */; };
		AF48C91C293F09CA00E84489 /* LaunchScreen.storyboard in Resources */ = {isa = PBXBuildFile; fileRef = AF48C91A293F09CA00E84489 /* LaunchScreen.storyboard */; };
		AF48C927293F09CA00E84489 /* community_map_release_1_0Tests.swift in Sources */ = {isa = PBXBuildFile; fileRef = AF48C926293F09CA00E84489 /* community_map_release_1_0Tests.swift */; };
		AF48C931293F09CA00E84489 /* community_map_release_1_0UITests.swift in Sources */ = {isa = PBXBuildFile; fileRef = AF48C930293F09CA00E84489 /* community_map_release_1_0UITests.swift */; };
		AF48C933293F09CA00E84489 /* community_map_release_1_0UITestsLaunchTests.swift in Sources */ = {isa = PBXBuildFile; fileRef = AF48C932293F09CA00E84489 /* community_map_release_1_0UITestsLaunchTests.swift */; };
		AF48C940293F0B7600E84489 /* DrivingViewController.swift in Sources */ = {isa = PBXBuildFile; fileRef = AF48C93F293F0B7600E84489 /* DrivingViewController.swift */; };
		AF48C942293F0CD900E84489 /* SessionViewController.swift in Sources */ = {isa = PBXBuildFile; fileRef = AF48C941293F0CD900E84489 /* SessionViewController.swift */; };
/* End PBXBuildFile section */

/* Begin PBXContainerItemProxy section */
		AF48C923293F09CA00E84489 /* PBXContainerItemProxy */ = {
			isa = PBXContainerItemProxy;
			containerPortal = AF48C904293F09C900E84489 /* Project object */;
			proxyType = 1;
			remoteGlobalIDString = AF48C90B293F09C900E84489;
			remoteInfo = "community-map-release-1.0";
		};
		AF48C92D293F09CA00E84489 /* PBXContainerItemProxy */ = {
			isa = PBXContainerItemProxy;
			containerPortal = AF48C904293F09C900E84489 /* Project object */;
			proxyType = 1;
			remoteGlobalIDString = AF48C90B293F09C900E84489;
			remoteInfo = "community-map-release-1.0";
		};
/* End PBXContainerItemProxy section */

/* Begin PBXFileReference section */
		AF48C90C293F09C900E84489 /* community-map-release-1.0.app */ = {isa = PBXFileReference; explicitFileType = wrapper.application; includeInIndex = 0; path = "community-map-release-1.0.app"; sourceTree = BUILT_PRODUCTS_DIR; };
		AF48C90F293F09C900E84489 /* AppDelegate.swift */ = {isa = PBXFileReference; lastKnownFileType = sourcecode.swift; path = AppDelegate.swift; sourceTree = "<group>"; };
		AF48C911293F09C900E84489 /* SceneDelegate.swift */ = {isa = PBXFileReference; lastKnownFileType = sourcecode.swift; path = SceneDelegate.swift; sourceTree = "<group>"; };
		AF48C913293F09C900E84489 /* ViewController.swift */ = {isa = PBXFileReference; lastKnownFileType = sourcecode.swift; path = ViewController.swift; sourceTree = "<group>"; };
		AF48C916293F09C900E84489 /* Base */ = {isa = PBXFileReference; lastKnownFileType = file.storyboard; name = Base; path = Base.lproj/Main.storyboard; sourceTree = "<group>"; };
		AF48C918293F09CA00E84489 /* Assets.xcassets */ = {isa = PBXFileReference; lastKnownFileType = folder.assetcatalog; path = Assets.xcassets; sourceTree = "<group>"; };
		AF48C91B293F09CA00E84489 /* Base */ = {isa = PBXFileReference; lastKnownFileType = file.storyboard; name = Base; path = Base.lproj/LaunchScreen.storyboard; sourceTree = "<group>"; };
		AF48C91D293F09CA00E84489 /* Info.plist */ = {isa = PBXFileReference; lastKnownFileType = text.plist.xml; path = Info.plist; sourceTree = "<group>"; };
		AF48C922293F09CA00E84489 /* community-map-release-1.0Tests.xctest */ = {isa = PBXFileReference; explicitFileType = wrapper.cfbundle; includeInIndex = 0; path = "community-map-release-1.0Tests.xctest"; sourceTree = BUILT_PRODUCTS_DIR; };
		AF48C926293F09CA00E84489 /* community_map_release_1_0Tests.swift */ = {isa = PBXFileReference; lastKnownFileType = sourcecode.swift; path = community_map_release_1_0Tests.swift; sourceTree = "<group>"; };
		AF48C92C293F09CA00E84489 /* community-map-release-1.0UITests.xctest */ = {isa = PBXFileReference; explicitFileType = wrapper.cfbundle; includeInIndex = 0; path = "community-map-release-1.0UITests.xctest"; sourceTree = BUILT_PRODUCTS_DIR; };
		AF48C930293F09CA00E84489 /* community_map_release_1_0UITests.swift */ = {isa = PBXFileReference; lastKnownFileType = sourcecode.swift; path = community_map_release_1_0UITests.swift; sourceTree = "<group>"; };
		AF48C932293F09CA00E84489 /* community_map_release_1_0UITestsLaunchTests.swift */ = {isa = PBXFileReference; lastKnownFileType = sourcecode.swift; path = community_map_release_1_0UITestsLaunchTests.swift; sourceTree = "<group>"; };
		AF48C93F293F0B7600E84489 /* DrivingViewController.swift */ = {isa = PBXFileReference; lastKnownFileType = sourcecode.swift; path = DrivingViewController.swift; sourceTree = "<group>"; };
		AF48C941293F0CD900E84489 /* SessionViewController.swift */ = {isa = PBXFileReference; lastKnownFileType = sourcecode.swift; path = SessionViewController.swift; sourceTree = "<group>"; };
/* End PBXFileReference section */

/* Begin PBXFrameworksBuildPhase section */
		AF48C909293F09C900E84489 /* Frameworks */ = {
			isa = PBXFrameworksBuildPhase;
			buildActionMask = 2147483647;
			files = (
			);
			runOnlyForDeploymentPostprocessing = 0;
		};
		AF48C91F293F09CA00E84489 /* Frameworks */ = {
			isa = PBXFrameworksBuildPhase;
			buildActionMask = 2147483647;
			files = (
			);
			runOnlyForDeploymentPostprocessing = 0;
		};
		AF48C929293F09CA00E84489 /* Frameworks */ = {
			isa = PBXFrameworksBuildPhase;
			buildActionMask = 2147483647;
			files = (
			);
			runOnlyForDeploymentPostprocessing = 0;
		};
/* End PBXFrameworksBuildPhase section */

/* Begin PBXGroup section */
		AF48C903293F09C900E84489 = {
			isa = PBXGroup;
			children = (
				AF48C90E293F09C900E84489 /* community-map-release-1.0 */,
				AF48C925293F09CA00E84489 /* community-map-release-1.0Tests */,
				AF48C92F293F09CA00E84489 /* community-map-release-1.0UITests */,
				AF48C90D293F09C900E84489 /* Products */,
			);
			sourceTree = "<group>";
		};
		AF48C90D293F09C900E84489 /* Products */ = {
			isa = PBXGroup;
			children = (
				AF48C90C293F09C900E84489 /* community-map-release-1.0.app */,
				AF48C922293F09CA00E84489 /* community-map-release-1.0Tests.xctest */,
				AF48C92C293F09CA00E84489 /* community-map-release-1.0UITests.xctest */,
			);
			name = Products;
			sourceTree = "<group>";
		};
		AF48C90E293F09C900E84489 /* community-map-release-1.0 */ = {
			isa = PBXGroup;
			children = (
				AF48C90F293F09C900E84489 /* AppDelegate.swift */,
				AF48C911293F09C900E84489 /* SceneDelegate.swift */,
				AF48C913293F09C900E84489 /* ViewController.swift */,
				AF48C915293F09C900E84489 /* Main.storyboard */,
				AF48C918293F09CA00E84489 /* Assets.xcassets */,
				AF48C91A293F09CA00E84489 /* LaunchScreen.storyboard */,
				AF48C91D293F09CA00E84489 /* Info.plist */,
				AF48C93F293F0B7600E84489 /* DrivingViewController.swift */,
				AF48C941293F0CD900E84489 /* SessionViewController.swift */,
			);
			path = "community-map-release-1.0";
			sourceTree = "<group>";
		};
		AF48C925293F09CA00E84489 /* community-map-release-1.0Tests */ = {
			isa = PBXGroup;
			children = (
				AF48C926293F09CA00E84489 /* community_map_release_1_0Tests.swift */,
			);
			path = "community-map-release-1.0Tests";
			sourceTree = "<group>";
		};
		AF48C92F293F09CA00E84489 /* community-map-release-1.0UITests */ = {
			isa = PBXGroup;
			children = (
				AF48C930293F09CA00E84489 /* community_map_release_1_0UITests.swift */,
				AF48C932293F09CA00E84489 /* community_map_release_1_0UITestsLaunchTests.swift */,
			);
			path = "community-map-release-1.0UITests";
			sourceTree = "<group>";
		};
/* End PBXGroup section */

/* Begin PBXNativeTarget section */
		AF48C90B293F09C900E84489 /* community-map-release-1.0 */ = {
			isa = PBXNativeTarget;
			buildConfigurationList = AF48C936293F09CA00E84489 /* Build configuration list for PBXNativeTarget "community-map-release-1.0" */;
			buildPhases = (
				AF48C908293F09C900E84489 /* Sources */,
				AF48C909293F09C900E84489 /* Frameworks */,
				AF48C90A293F09C900E84489 /* Resources */,
			);
			buildRules = (
			);
			dependencies = (
			);
			name = "community-map-release-1.0";
			productName = "community-map-release-1.0";
			productReference = AF48C90C293F09C900E84489 /* community-map-release-1.0.app */;
			productType = "com.apple.product-type.application";
		};
		AF48C921293F09CA00E84489 /* community-map-release-1.0Tests */ = {
			isa = PBXNativeTarget;
			buildConfigurationList = AF48C939293F09CA00E84489 /* Build configuration list for PBXNativeTarget "community-map-release-1.0Tests" */;
			buildPhases = (
				AF48C91E293F09CA00E84489 /* Sources */,
				AF48C91F293F09CA00E84489 /* Frameworks */,
				AF48C920293F09CA00E84489 /* Resources */,
			);
			buildRules = (
			);
			dependencies = (
				AF48C924293F09CA00E84489 /* PBXTargetDependency */,
			);
			name = "community-map-release-1.0Tests";
			productName = "community-map-release-1.0Tests";
			productReference = AF48C922293F09CA00E84489 /* community-map-release-1.0Tests.xctest */;
			productType = "com.apple.product-type.bundle.unit-test";
		};
		AF48C92B293F09CA00E84489 /* community-map-release-1.0UITests */ = {
			isa = PBXNativeTarget;
			buildConfigurationList = AF48C93C293F09CA00E84489 /* Build configuration list for PBXNativeTarget "community-map-release-1.0UITests" */;
			buildPhases = (
				AF48C928293F09CA00E84489 /* Sources */,
				AF48C929293F09CA00E84489 /* Frameworks */,
				AF48C92A293F09CA00E84489 /* Resources */,
			);
			buildRules = (
			);
			dependencies = (
				AF48C92E293F09CA00E84489 /* PBXTargetDependency */,
			);
			name = "community-map-release-1.0UITests";
			productName = "community-map-release-1.0UITests";
			productReference = AF48C92C293F09CA00E84489 /* community-map-release-1.0UITests.xctest */;
			productType = "com.apple.product-type.bundle.ui-testing";
		};
/* End PBXNativeTarget section */

/* Begin PBXProject section */
		AF48C904293F09C900E84489 /* Project object */ = {
			isa = PBXProject;
			attributes = {
				BuildIndependentTargetsInParallel = 1;
				LastSwiftUpdateCheck = 1400;
				LastUpgradeCheck = 1400;
				TargetAttributes = {
					AF48C90B293F09C900E84489 = {
						CreatedOnToolsVersion = 14.0.1;
					};
					AF48C921293F09CA00E84489 = {
						CreatedOnToolsVersion = 14.0.1;
						TestTargetID = AF48C90B293F09C900E84489;
					};
					AF48C92B293F09CA00E84489 = {
						CreatedOnToolsVersion = 14.0.1;
						TestTargetID = AF48C90B293F09C900E84489;
					};
				};
			};
			buildConfigurationList = AF48C907293F09C900E84489 /* Build configuration list for PBXProject "community-map-release-1.0" */;
			compatibilityVersion = "Xcode 14.0";
			developmentRegion = en;
			hasScannedForEncodings = 0;
			knownRegions = (
				en,
				Base,
			);
			mainGroup = AF48C903293F09C900E84489;
			productRefGroup = AF48C90D293F09C900E84489 /* Products */;
			projectDirPath = "";
			projectRoot = "";
			targets = (
				AF48C90B293F09C900E84489 /* community-map-release-1.0 */,
				AF48C921293F09CA00E84489 /* community-map-release-1.0Tests */,
				AF48C92B293F09CA00E84489 /* community-map-release-1.0UITests */,
			);
		};
/* End PBXProject section */

/* Begin PBXResourcesBuildPhase section */
		AF48C90A293F09C900E84489 /* Resources */ = {
			isa = PBXResourcesBuildPhase;
			buildActionMask = 2147483647;
			files = (
				AF48C91C293F09CA00E84489 /* LaunchScreen.storyboard in Resources */,
				AF48C919293F09CA00E84489 /* Assets.xcassets in Resources */,
				AF48C917293F09C900E84489 /* Main.storyboard in Resources */,
			);
			runOnlyForDeploymentPostprocessing = 0;
		};
		AF48C920293F09CA00E84489 /* Resources */ = {
			isa = PBXResourcesBuildPhase;
			buildActionMask = 2147483647;
			files = (
			);
			runOnlyForDeploymentPostprocessing = 0;
		};
		AF48C92A293F09CA00E84489 /* Resources */ = {
			isa = PBXResourcesBuildPhase;
			buildActionMask = 2147483647;
			files = (
			);
			runOnlyForDeploymentPostprocessing = 0;
		};
/* End PBXResourcesBuildPhase section */

/* Begin PBXSourcesBuildPhase section */
		AF48C908293F09C900E84489 /* Sources */ = {
			isa = PBXSourcesBuildPhase;
			buildActionMask = 2147483647;
			files = (
				AF48C940293F0B7600E84489 /* DrivingViewController.swift in Sources */,
				AF48C914293F09C900E84489 /* ViewController.swift in Sources */,
				AF48C910293F09C900E84489 /* AppDelegate.swift in Sources */,
				AF48C942293F0CD900E84489 /* SessionViewController.swift in Sources */,
				AF48C912293F09C900E84489 /* SceneDelegate.swift in Sources */,
			);
			runOnlyForDeploymentPostprocessing = 0;
		};
		AF48C91E293F09CA00E84489 /* Sources */ = {
			isa = PBXSourcesBuildPhase;
			buildActionMask = 2147483647;
			files = (
				AF48C927293F09CA00E84489 /* community_map_release_1_0Tests.swift in Sources */,
			);
			runOnlyForDeploymentPostprocessing = 0;
		};
		AF48C928293F09CA00E84489 /* Sources */ = {
			isa = PBXSourcesBuildPhase;
			buildActionMask = 2147483647;
			files = (
				AF48C933293F09CA00E84489 /* community_map_release_1_0UITestsLaunchTests.swift in Sources */,
				AF48C931293F09CA00E84489 /* community_map_release_1_0UITests.swift in Sources */,
			);
			runOnlyForDeploymentPostprocessing = 0;
		};
/* End PBXSourcesBuildPhase section */

/* Begin PBXTargetDependency section */
		AF48C924293F09CA00E84489 /* PBXTargetDependency */ = {
			isa = PBXTargetDependency;
			target = AF48C90B293F09C900E84489 /* community-map-release-1.0 */;
			targetProxy = AF48C923293F09CA00E84489 /* PBXContainerItemProxy */;
		};
		AF48C92E293F09CA00E84489 /* PBXTargetDependency */ = {
			isa = PBXTargetDependency;
			target = AF48C90B293F09C900E84489 /* community-map-release-1.0 */;
			targetProxy = AF48C92D293F09CA00E84489 /* PBXContainerItemProxy */;
		};
/* End PBXTargetDependency section */

/* Begin PBXVariantGroup section */
		AF48C915293F09C900E84489 /* Main.storyboard */ = {
			isa = PBXVariantGroup;
			children = (
				AF48C916293F09C900E84489 /* Base */,
			);
			name = Main.storyboard;
			sourceTree = "<group>";
		};
		AF48C91A293F09CA00E84489 /* LaunchScreen.storyboard */ = {
			isa = PBXVariantGroup;
			children = (
				AF48C91B293F09CA00E84489 /* Base */,
			);
			name = LaunchScreen.storyboard;
			sourceTree = "<group>";
		};
/* End PBXVariantGroup section */

/* Begin XCBuildConfiguration section */
		AF48C934293F09CA00E84489 /* Debug */ = {
			isa = XCBuildConfiguration;
			buildSettings = {
				ALWAYS_SEARCH_USER_PATHS = NO;
				CLANG_ANALYZER_NONNULL = YES;
				CLANG_ANALYZER_NUMBER_OBJECT_CONVERSION = YES_AGGRESSIVE;
				CLANG_CXX_LANGUAGE_STANDARD = "gnu++20";
				CLANG_ENABLE_MODULES = YES;
				CLANG_ENABLE_OBJC_ARC = YES;
				CLANG_ENABLE_OBJC_WEAK = YES;
				CLANG_WARN_BLOCK_CAPTURE_AUTORELEASING = YES;
				CLANG_WARN_BOOL_CONVERSION = YES;
				CLANG_WARN_COMMA = YES;
				CLANG_WARN_CONSTANT_CONVERSION = YES;
				CLANG_WARN_DEPRECATED_OBJC_IMPLEMENTATIONS = YES;
				CLANG_WARN_DIRECT_OBJC_ISA_USAGE = YES_ERROR;
				CLANG_WARN_DOCUMENTATION_COMMENTS = YES;
				CLANG_WARN_EMPTY_BODY = YES;
				CLANG_WARN_ENUM_CONVERSION = YES;
				CLANG_WARN_INFINITE_RECURSION = YES;
				CLANG_WARN_INT_CONVERSION = YES;
				CLANG_WARN_NON_LITERAL_NULL_CONVERSION = YES;
				CLANG_WARN_OBJC_IMPLICIT_RETAIN_SELF = YES;
				CLANG_WARN_OBJC_LITERAL_CONVERSION = YES;
				CLANG_WARN_OBJC_ROOT_CLASS = YES_ERROR;
				CLANG_WARN_QUOTED_INCLUDE_IN_FRAMEWORK_HEADER = YES;
				CLANG_WARN_RANGE_LOOP_ANALYSIS = YES;
				CLANG_WARN_STRICT_PROTOTYPES = YES;
				CLANG_WARN_SUSPICIOUS_MOVE = YES;
				CLANG_WARN_UNGUARDED_AVAILABILITY = YES_AGGRESSIVE;
				CLANG_WARN_UNREACHABLE_CODE = YES;
				CLANG_WARN__DUPLICATE_METHOD_MATCH = YES;
				COPY_PHASE_STRIP = NO;
				DEBUG_INFORMATION_FORMAT = dwarf;
				ENABLE_STRICT_OBJC_MSGSEND = YES;
				ENABLE_TESTABILITY = YES;
				GCC_C_LANGUAGE_STANDARD = gnu11;
				GCC_DYNAMIC_NO_PIC = NO;
				GCC_NO_COMMON_BLOCKS = YES;
				GCC_OPTIMIZATION_LEVEL = 0;
				GCC_PREPROCESSOR_DEFINITIONS = (
					"DEBUG=1",
					"$(inherited)",
				);
				GCC_WARN_64_TO_32_BIT_CONVERSION = YES;
				GCC_WARN_ABOUT_RETURN_TYPE = YES_ERROR;
				GCC_WARN_UNDECLARED_SELECTOR = YES;
				GCC_WARN_UNINITIALIZED_AUTOS = YES_AGGRESSIVE;
				GCC_WARN_UNUSED_FUNCTION = YES;
				GCC_WARN_UNUSED_VARIABLE = YES;
				IPHONEOS_DEPLOYMENT_TARGET = 16.0;
				MTL_ENABLE_DEBUG_INFO = INCLUDE_SOURCE;
				MTL_FAST_MATH = YES;
				ONLY_ACTIVE_ARCH = YES;
				SDKROOT = iphoneos;
				SWIFT_ACTIVE_COMPILATION_CONDITIONS = DEBUG;
				SWIFT_OPTIMIZATION_LEVEL = "-Onone";
			};
			name = Debug;
		};
		AF48C935293F09CA00E84489 /* Release */ = {
			isa = XCBuildConfiguration;
			buildSettings = {
				ALWAYS_SEARCH_USER_PATHS = NO;
				CLANG_ANALYZER_NONNULL = YES;
				CLANG_ANALYZER_NUMBER_OBJECT_CONVERSION = YES_AGGRESSIVE;
				CLANG_CXX_LANGUAGE_STANDARD = "gnu++20";
				CLANG_ENABLE_MODULES = YES;
				CLANG_ENABLE_OBJC_ARC = YES;
				CLANG_ENABLE_OBJC_WEAK = YES;
				CLANG_WARN_BLOCK_CAPTURE_AUTORELEASING = YES;
				CLANG_WARN_BOOL_CONVERSION = YES;
				CLANG_WARN_COMMA = YES;
				CLANG_WARN_CONSTANT_CONVERSION = YES;
				CLANG_WARN_DEPRECATED_OBJC_IMPLEMENTATIONS = YES;
				CLANG_WARN_DIRECT_OBJC_ISA_USAGE = YES_ERROR;
				CLANG_WARN_DOCUMENTATION_COMMENTS = YES;
				CLANG_WARN_EMPTY_BODY = YES;
				CLANG_WARN_ENUM_CONVERSION = YES;
				CLANG_WARN_INFINITE_RECURSION = YES;
				CLANG_WARN_INT_CONVERSION = YES;
				CLANG_WARN_NON_LITERAL_NULL_CONVERSION = YES;
				CLANG_WARN_OBJC_IMPLICIT_RETAIN_SELF = YES;
				CLANG_WARN_OBJC_LITERAL_CONVERSION = YES;
				CLANG_WARN_OBJC_ROOT_CLASS = YES_ERROR;
				CLANG_WARN_QUOTED_INCLUDE_IN_FRAMEWORK_HEADER = YES;
				CLANG_WARN_RANGE_LOOP_ANALYSIS = YES;
				CLANG_WARN_STRICT_PROTOTYPES = YES;
				CLANG_WARN_SUSPICIOUS_MOVE = YES;
				CLANG_WARN_UNGUARDED_AVAILABILITY = YES_AGGRESSIVE;
				CLANG_WARN_UNREACHABLE_CODE = YES;
				CLANG_WARN__DUPLICATE_METHOD_MATCH = YES;
				COPY_PHASE_STRIP = NO;
				DEBUG_INFORMATION_FORMAT = "dwarf-with-dsym";
				ENABLE_NS_ASSERTIONS = NO;
				ENABLE_STRICT_OBJC_MSGSEND = YES;
				GCC_C_LANGUAGE_STANDARD = gnu11;
				GCC_NO_COMMON_BLOCKS = YES;
				GCC_WARN_64_TO_32_BIT_CONVERSION = YES;
				GCC_WARN_ABOUT_RETURN_TYPE = YES_ERROR;
				GCC_WARN_UNDECLARED_SELECTOR = YES;
				GCC_WARN_UNINITIALIZED_AUTOS = YES_AGGRESSIVE;
				GCC_WARN_UNUSED_FUNCTION = YES;
				GCC_WARN_UNUSED_VARIABLE = YES;
				IPHONEOS_DEPLOYMENT_TARGET = 16.0;
				MTL_ENABLE_DEBUG_INFO = NO;
				MTL_FAST_MATH = YES;
				SDKROOT = iphoneos;
				SWIFT_COMPILATION_MODE = wholemodule;
				SWIFT_OPTIMIZATION_LEVEL = "-O";
				VALIDATE_PRODUCT = YES;
			};
			name = Release;
		};
		AF48C937293F09CA00E84489 /* Debug */ = {
			isa = XCBuildConfiguration;
			buildSettings = {
				ASSETCATALOG_COMPILER_APPICON_NAME = AppIcon;
				ASSETCATALOG_COMPILER_GLOBAL_ACCENT_COLOR_NAME = AccentColor;
				CODE_SIGN_STYLE = Automatic;
				CURRENT_PROJECT_VERSION = 1;
				DEVELOPMENT_TEAM = 4WW7399NZA;
				GENERATE_INFOPLIST_FILE = YES;
				INFOPLIST_FILE = "community-map-release-1.0/Info.plist";
				INFOPLIST_KEY_UIApplicationSupportsIndirectInputEvents = YES;
				INFOPLIST_KEY_UILaunchStoryboardName = LaunchScreen;
				INFOPLIST_KEY_UIMainStoryboardFile = Main;
				INFOPLIST_KEY_UISupportedInterfaceOrientations_iPad = "UIInterfaceOrientationPortrait UIInterfaceOrientationPortraitUpsideDown UIInterfaceOrientationLandscapeLeft UIInterfaceOrientationLandscapeRight";
				INFOPLIST_KEY_UISupportedInterfaceOrientations_iPhone = "UIInterfaceOrientationPortrait UIInterfaceOrientationLandscapeLeft UIInterfaceOrientationLandscapeRight";
				LD_RUNPATH_SEARCH_PATHS = (
					"$(inherited)",
					"@executable_path/Frameworks",
				);
				MARKETING_VERSION = 1.0;
				PRODUCT_BUNDLE_IDENTIFIER = "agarwalgames.community-map-release-1-0";
				PRODUCT_NAME = "$(TARGET_NAME)";
				SWIFT_EMIT_LOC_STRINGS = YES;
				SWIFT_VERSION = 5.0;
				TARGETED_DEVICE_FAMILY = "1,2";
			};
			name = Debug;
		};
		AF48C938293F09CA00E84489 /* Release */ = {
			isa = XCBuildConfiguration;
			buildSettings = {
				ASSETCATALOG_COMPILER_APPICON_NAME = AppIcon;
				ASSETCATALOG_COMPILER_GLOBAL_ACCENT_COLOR_NAME = AccentColor;
				CODE_SIGN_STYLE = Automatic;
				CURRENT_PROJECT_VERSION = 1;
				DEVELOPMENT_TEAM = 4WW7399NZA;
				GENERATE_INFOPLIST_FILE = YES;
				INFOPLIST_FILE = "community-map-release-1.0/Info.plist";
				INFOPLIST_KEY_UIApplicationSupportsIndirectInputEvents = YES;
				INFOPLIST_KEY_UILaunchStoryboardName = LaunchScreen;
				INFOPLIST_KEY_UIMainStoryboardFile = Main;
				INFOPLIST_KEY_UISupportedInterfaceOrientations_iPad = "UIInterfaceOrientationPortrait UIInterfaceOrientationPortraitUpsideDown UIInterfaceOrientationLandscapeLeft UIInterfaceOrientationLandscapeRight";
				INFOPLIST_KEY_UISupportedInterfaceOrientations_iPhone = "UIInterfaceOrientationPortrait UIInterfaceOrientationLandscapeLeft UIInterfaceOrientationLandscapeRight";
				LD_RUNPATH_SEARCH_PATHS = (
					"$(inherited)",
					"@executable_path/Frameworks",
				);
				MARKETING_VERSION = 1.0;
				PRODUCT_BUNDLE_IDENTIFIER = "agarwalgames.community-map-release-1-0";
				PRODUCT_NAME = "$(TARGET_NAME)";
				SWIFT_EMIT_LOC_STRINGS = YES;
				SWIFT_VERSION = 5.0;
				TARGETED_DEVICE_FAMILY = "1,2";
			};
			name = Release;
		};
		AF48C93A293F09CA00E84489 /* Debug */ = {
			isa = XCBuildConfiguration;
			buildSettings = {
				ALWAYS_EMBED_SWIFT_STANDARD_LIBRARIES = YES;
				BUNDLE_LOADER = "$(TEST_HOST)";
				CODE_SIGN_STYLE = Automatic;
				CURRENT_PROJECT_VERSION = 1;
				DEVELOPMENT_TEAM = 4WW7399NZA;
				GENERATE_INFOPLIST_FILE = YES;
				IPHONEOS_DEPLOYMENT_TARGET = 16.0;
				MARKETING_VERSION = 1.0;
				PRODUCT_BUNDLE_IDENTIFIER = "agarwalgames.community-map-release-1-0Tests";
				PRODUCT_NAME = "$(TARGET_NAME)";
				SWIFT_EMIT_LOC_STRINGS = NO;
				SWIFT_VERSION = 5.0;
				TARGETED_DEVICE_FAMILY = "1,2";
				TEST_HOST = "$(BUILT_PRODUCTS_DIR)/community-map-release-1.0.app/$(BUNDLE_EXECUTABLE_FOLDER_PATH)/community-map-release-1.0";
			};
			name = Debug;
		};
		AF48C93B293F09CA00E84489 /* Release */ = {
			isa = XCBuildConfiguration;
			buildSettings = {
				ALWAYS_EMBED_SWIFT_STANDARD_LIBRARIES = YES;
				BUNDLE_LOADER = "$(TEST_HOST)";
				CODE_SIGN_STYLE = Automatic;
				CURRENT_PROJECT_VERSION = 1;
				DEVELOPMENT_TEAM = 4WW7399NZA;
				GENERATE_INFOPLIST_FILE = YES;
				IPHONEOS_DEPLOYMENT_TARGET = 16.0;
				MARKETING_VERSION = 1.0;
				PRODUCT_BUNDLE_IDENTIFIER = "agarwalgames.community-map-release-1-0Tests";
				PRODUCT_NAME = "$(TARGET_NAME)";
				SWIFT_EMIT_LOC_STRINGS = NO;
				SWIFT_VERSION = 5.0;
				TARGETED_DEVICE_FAMILY = "1,2";
				TEST_HOST = "$(BUILT_PRODUCTS_DIR)/community-map-release-1.0.app/$(BUNDLE_EXECUTABLE_FOLDER_PATH)/community-map-release-1.0";
			};
			name = Release;
		};
		AF48C93D293F09CA00E84489 /* Debug */ = {
			isa = XCBuildConfiguration;
			buildSettings = {
				ALWAYS_EMBED_SWIFT_STANDARD_LIBRARIES = YES;
				CODE_SIGN_STYLE = Automatic;
				CURRENT_PROJECT_VERSION = 1;
				DEVELOPMENT_TEAM = 4WW7399NZA;
				GENERATE_INFOPLIST_FILE = YES;
				MARKETING_VERSION = 1.0;
				PRODUCT_BUNDLE_IDENTIFIER = "agarwalgames.community-map-release-1-0UITests";
				PRODUCT_NAME = "$(TARGET_NAME)";
				SWIFT_EMIT_LOC_STRINGS = NO;
				SWIFT_VERSION = 5.0;
				TARGETED_DEVICE_FAMILY = "1,2";
				TEST_TARGET_NAME = "community-map-release-1.0";
			};
			name = Debug;
		};
		AF48C93E293F09CA00E84489 /* Release */ = {
			isa = XCBuildConfiguration;
			buildSettings = {
				ALWAYS_EMBED_SWIFT_STANDARD_LIBRARIES = YES;
				CODE_SIGN_STYLE = Automatic;
				CURRENT_PROJECT_VERSION = 1;
				DEVELOPMENT_TEAM = 4WW7399NZA;
				GENERATE_INFOPLIST_FILE = YES;
				MARKETING_VERSION = 1.0;
				PRODUCT_BUNDLE_IDENTIFIER = "agarwalgames.community-map-release-1-0UITests";
				PRODUCT_NAME = "$(TARGET_NAME)";
				SWIFT_EMIT_LOC_STRINGS = NO;
				SWIFT_VERSION = 5.0;
				TARGETED_DEVICE_FAMILY = "1,2";
				TEST_TARGET_NAME = "community-map-release-1.0";
			};
			name = Release;
		};
/* End XCBuildConfiguration section */

/* Begin XCConfigurationList section */
		AF48C907293F09C900E84489 /* Build configuration list for PBXProject "community-map-release-1.0" */ = {
			isa = XCConfigurationList;
			buildConfigurations = (
				AF48C934293F09CA00E84489 /* Debug */,
				AF48C935293F09CA00E84489 /* Release */,
			);
			defaultConfigurationIsVisible = 0;
			defaultConfigurationName = Release;
		};
		AF48C936293F09CA00E84489 /* Build configuration list for PBXNativeTarget "community-map-release-1.0" */ = {
			isa = XCConfigurationList;
			buildConfigurations = (
				AF48C937293F09CA00E84489 /* Debug */,
				AF48C938293F09CA00E84489 /* Release */,
			);
			defaultConfigurationIsVisible = 0;
			defaultConfigurationName = Release;
		};
		AF48C939293F09CA00E84489 /* Build configuration list for PBXNativeTarget "community-map-release-1.0Tests" */ = {
			isa = XCConfigurationList;
			buildConfigurations = (
				AF48C93A293F09CA00E84489 /* Debug */,
				AF48C93B293F09CA00E84489 /* Release */,
			);
			defaultConfigurationIsVisible = 0;
			defaultConfigurationName = Release;
		};
		AF48C93C293F09CA00E84489 /* Build configuration list for PBXNativeTarget "community-map-release-1.0UITests" */ = {
			isa = XCConfigurationList;
			buildConfigurations = (
				AF48C93D293F09CA00E84489 /* Debug */,
				AF48C93E293F09CA00E84489 /* Release */,
			);
			defaultConfigurationIsVisible = 0;
			defaultConfigurationName = Release;
		};
/* End XCConfigurationList section */
	};
	rootObject = AF48C904293F09C900E84489 /* Project object */;
}
